
Microsoft Visual Studio Solution File, Format Version 12.00
# Visual Studio Version 16
VisualStudioVersion = 16.0.30711.63
MinimumVisualStudioVersion = 10.0.40219.1
Project("{FAE04EC0-301F-11D3-BF4B-00C04F79EFBC}") = "G15_EntityTest", "G15_EntityTest\G15_EntityTest.csproj", "{91D0BFC8-8B13-4BF3-A6CA-0683968589A1}"
EndProject
Project("{FAE04EC0-301F-11D3-BF4B-00C04F79EFBC}") = "Repository", "Repository\Repository.csproj", "{64882406-AACB-4316-8768-38712F9CEBC4}"
EndProject
Project("{FAE04EC0-301F-11D3-BF4B-00C04F79EFBC}") = "Domain", "Domain\Domain.csproj", "{93CFC55B-9F14-4BAD-AC3F-8A159125186A}"
EndProject
Global
	GlobalSection(SolutionConfigurationPlatforms) = preSolution
		Debug|Any CPU = Debug|Any CPU
		Release|Any CPU = Release|Any CPU
	EndGlobalSection
	GlobalSection(ProjectConfigurationPlatforms) = postSolution
		{91D0BFC8-8B13-4BF3-A6CA-0683968589A1}.Debug|Any CPU.ActiveCfg = Debug|Any CPU
		{91D0BFC8-8B13-4BF3-A6CA-0683968589A1}.Debug|Any CPU.Build.0 = Debug|Any CPU
		{91D0BFC8-8B13-4BF3-A6CA-0683968589A1}.Release|Any CPU.ActiveCfg = Release|Any CPU
		{91D0BFC8-8B13-4BF3-A6CA-0683968589A1}.Release|Any CPU.Build.0 = Release|Any CPU
		{64882406-AACB-4316-8768-38712F9CEBC4}.Debug|Any CPU.ActiveCfg = Debug|Any CPU
		{64882406-AACB-4316-8768-38712F9CEBC4}.Debug|Any CPU.Build.0 = Debug|Any CPU
		{64882406-AACB-4316-8768-38712F9CEBC4}.Release|Any CPU.ActiveCfg = Release|Any CPU
		{64882406-AACB-4316-8768-38712F9CEBC4}.Release|Any CPU.Build.0 = Release|Any CPU
		{93CFC55B-9F14-4BAD-AC3F-8A159125186A}.Debug|Any CPU.ActiveCfg = Debug|Any CPU
		{93CFC55B-9F14-4BAD-AC3F-8A159125186A}.Debug|Any CPU.Build.0 = Debug|Any CPU
		{93CFC55B-9F14-4BAD-AC3F-8A159125186A}.Release|Any CPU.ActiveCfg = Release|Any CPU
		{93CFC55B-9F14-4BAD-AC3F-8A159125186A}.Release|Any CPU.Build.0 = Release|Any CPU
	EndGlobalSection
	GlobalSection(SolutionProperties) = preSolution
		HideSolutionNode = FALSE
	EndGlobalSection
	GlobalSection(ExtensibilityGlobals) = postSolution
		SolutionGuid = {77A553E1-68D2-415F-B926-924DEC994E59}
	EndGlobalSection
EndGlobal
